// !$*UTF8*$!
{
	archiveVersion = 1;
	classes = {
	};
	objectVersion = 50;
	objects = {

/* Begin PBXBuildFile section */
		5DA15B92244C2734005C7448 /* SWShareNavViewController.swift in Sources */ = {isa = PBXBuildFile; fileRef = 5DA15B91244C2734005C7448 /* SWShareNavViewController.swift */; };
		5DA15B94244C3487005C7448 /* SWSharePageViewController.swift in Sources */ = {isa = PBXBuildFile; fileRef = 5DA15B93244C3487005C7448 /* SWSharePageViewController.swift */; };
		5DA15B96244C34A1005C7448 /* SWSharePageViewEntryViewController.swift in Sources */ = {isa = PBXBuildFile; fileRef = 5DA15B95244C34A1005C7448 /* SWSharePageViewEntryViewController.swift */; };
		5DA15B98244D7643005C7448 /* SWSharePageViewManager.swift in Sources */ = {isa = PBXBuildFile; fileRef = 5DA15B97244D7643005C7448 /* SWSharePageViewManager.swift */; };
		5DA15B9A244D768C005C7448 /* SWSharePageViewEntry.swift in Sources */ = {isa = PBXBuildFile; fileRef = 5DA15B99244D768C005C7448 /* SWSharePageViewEntry.swift */; };
		5DC7CA6A24419E6100A4431E /* SWRouteType.swift in Sources */ = {isa = PBXBuildFile; fileRef = 5DC7CA6924419E6100A4431E /* SWRouteType.swift */; };
		5DC7CA722446F4CF00A4431E /* SWShareContainerViewController.swift in Sources */ = {isa = PBXBuildFile; fileRef = 5DC7CA712446F4CF00A4431E /* SWShareContainerViewController.swift */; };
		5DC7CA792446F4CF00A4431E /* SnapWarShareExtension.appex in Embed App Extensions */ = {isa = PBXBuildFile; fileRef = 5DC7CA6F2446F4CF00A4431E /* SnapWarShareExtension.appex */; settings = {ATTRIBUTES = (RemoveHeadersOnCopy, ); }; };
		902FFF21244E509B0007DE4D /* SWPasswordTextField.swift in Sources */ = {isa = PBXBuildFile; fileRef = 902FFF20244E509B0007DE4D /* SWPasswordTextField.swift */; };
		903CC74B243FBA0C00FA431D /* SWGalleryViewController.swift in Sources */ = {isa = PBXBuildFile; fileRef = 903CC74A243FBA0C00FA431D /* SWGalleryViewController.swift */; };
		903CC74D243FBBB700FA431D /* SWCreateWarViewController.swift in Sources */ = {isa = PBXBuildFile; fileRef = 903CC74C243FBBB700FA431D /* SWCreateWarViewController.swift */; };
		903CC751243FC62900FA431D /* SWNavButton.swift in Sources */ = {isa = PBXBuildFile; fileRef = 903CC750243FC62900FA431D /* SWNavButton.swift */; };
		9044C84E243D0D640054152B /* SWAuthViewController.swift in Sources */ = {isa = PBXBuildFile; fileRef = 9044C84D243D0D640054152B /* SWAuthViewController.swift */; };
		908F3953244B7CA800D619B2 /* SWFullScreenImageViewController.swift in Sources */ = {isa = PBXBuildFile; fileRef = 908F3952244B7CA800D619B2 /* SWFullScreenImageViewController.swift */; };
		9098FED7244C90F000C2C254 /* SWTextIField.swift in Sources */ = {isa = PBXBuildFile; fileRef = 9098FED6244C90F000C2C254 /* SWTextIField.swift */; };
		9098FED9244C95FE00C2C254 /* SWMainNavViewController.swift in Sources */ = {isa = PBXBuildFile; fileRef = 90EF0A882442467E006433E5 /* SWMainNavViewController.swift */; };
		90ADFA42244B365A00636DF2 /* UIWindow.swift in Sources */ = {isa = PBXBuildFile; fileRef = 90ADFA41244B365A00636DF2 /* UIWindow.swift */; };
		90B977E02443A24600ADBF17 /* SWBattleViewController.swift in Sources */ = {isa = PBXBuildFile; fileRef = 90B977DF2443A24600ADBF17 /* SWBattleViewController.swift */; };
		90BEDE73243BAAC7003BC12D /* AppDelegate.swift in Sources */ = {isa = PBXBuildFile; fileRef = 90BEDE72243BAAC7003BC12D /* AppDelegate.swift */; };
		90BEDE75243BAAC7003BC12D /* SWMainViewController.swift in Sources */ = {isa = PBXBuildFile; fileRef = 90BEDE74243BAAC7003BC12D /* SWMainViewController.swift */; };
		90BEDE78243BAAC7003BC12D /* Main.storyboard in Resources */ = {isa = PBXBuildFile; fileRef = 90BEDE76243BAAC7003BC12D /* Main.storyboard */; };
		90BEDE7A243BAAC9003BC12D /* Assets.xcassets in Resources */ = {isa = PBXBuildFile; fileRef = 90BEDE79243BAAC9003BC12D /* Assets.xcassets */; };
		90BEDE7D243BAAC9003BC12D /* LaunchScreen.storyboard in Resources */ = {isa = PBXBuildFile; fileRef = 90BEDE7B243BAAC9003BC12D /* LaunchScreen.storyboard */; };
		90BEDE9A243BCFEF003BC12D /* SWColorType.swift in Sources */ = {isa = PBXBuildFile; fileRef = 90BEDE99243BCFEF003BC12D /* SWColorType.swift */; };
		90BEDE9C243BD400003BC12D /* SWFontType.swift in Sources */ = {isa = PBXBuildFile; fileRef = 90BEDE9B243BD400003BC12D /* SWFontType.swift */; };
		90EF3BA724465DD200F37F9A /* SWImagePreview.swift in Sources */ = {isa = PBXBuildFile; fileRef = 90EF3BA624465DD200F37F9A /* SWImagePreview.swift */; };
/* End PBXBuildFile section */

/* Begin PBXContainerItemProxy section */
		5DC7CA772446F4CF00A4431E /* PBXContainerItemProxy */ = {
			isa = PBXContainerItemProxy;
			containerPortal = 90BEDE67243BAAC7003BC12D /* Project object */;
			proxyType = 1;
			remoteGlobalIDString = 5DC7CA6E2446F4CF00A4431E;
			remoteInfo = SnapWarShareExtension;
		};
/* End PBXContainerItemProxy section */

/* Begin PBXCopyFilesBuildPhase section */
		5DC7CA7A2446F4CF00A4431E /* Embed App Extensions */ = {
			isa = PBXCopyFilesBuildPhase;
			buildActionMask = 2147483647;
			dstPath = "";
			dstSubfolderSpec = 13;
			files = (
				5DC7CA792446F4CF00A4431E /* SnapWarShareExtension.appex in Embed App Extensions */,
			);
			name = "Embed App Extensions";
			runOnlyForDeploymentPostprocessing = 0;
		};
/* End PBXCopyFilesBuildPhase section */

/* Begin PBXFileReference section */
		5DA15B91244C2734005C7448 /* SWShareNavViewController.swift */ = {isa = PBXFileReference; lastKnownFileType = sourcecode.swift; path = SWShareNavViewController.swift; sourceTree = "<group>"; };
		5DA15B93244C3487005C7448 /* SWSharePageViewController.swift */ = {isa = PBXFileReference; lastKnownFileType = sourcecode.swift; path = SWSharePageViewController.swift; sourceTree = "<group>"; };
		5DA15B95244C34A1005C7448 /* SWSharePageViewEntryViewController.swift */ = {isa = PBXFileReference; lastKnownFileType = sourcecode.swift; path = SWSharePageViewEntryViewController.swift; sourceTree = "<group>"; };
		5DA15B97244D7643005C7448 /* SWSharePageViewManager.swift */ = {isa = PBXFileReference; lastKnownFileType = sourcecode.swift; path = SWSharePageViewManager.swift; sourceTree = "<group>"; };
		5DA15B99244D768C005C7448 /* SWSharePageViewEntry.swift */ = {isa = PBXFileReference; lastKnownFileType = sourcecode.swift; path = SWSharePageViewEntry.swift; sourceTree = "<group>"; };
		5DC7CA6924419E6100A4431E /* SWRouteType.swift */ = {isa = PBXFileReference; lastKnownFileType = sourcecode.swift; path = SWRouteType.swift; sourceTree = "<group>"; };
		5DC7CA6F2446F4CF00A4431E /* SnapWarShareExtension.appex */ = {isa = PBXFileReference; explicitFileType = "wrapper.app-extension"; includeInIndex = 0; path = SnapWarShareExtension.appex; sourceTree = BUILT_PRODUCTS_DIR; };
		5DC7CA712446F4CF00A4431E /* SWShareContainerViewController.swift */ = {isa = PBXFileReference; lastKnownFileType = sourcecode.swift; path = SWShareContainerViewController.swift; sourceTree = "<group>"; };
		5DC7CA762446F4CF00A4431E /* Info.plist */ = {isa = PBXFileReference; lastKnownFileType = text.plist.xml; path = Info.plist; sourceTree = "<group>"; };
		5DC7CA7E2446F58D00A4431E /* SnapWarShareExtension.entitlements */ = {isa = PBXFileReference; lastKnownFileType = text.plist.entitlements; path = SnapWarShareExtension.entitlements; sourceTree = "<group>"; };
		5DC7CA7F2446F59E00A4431E /* SnapWar.entitlements */ = {isa = PBXFileReference; lastKnownFileType = text.plist.entitlements; path = SnapWar.entitlements; sourceTree = "<group>"; };
		902FFF20244E509B0007DE4D /* SWPasswordTextField.swift */ = {isa = PBXFileReference; lastKnownFileType = sourcecode.swift; path = SWPasswordTextField.swift; sourceTree = "<group>"; };
		903CC74A243FBA0C00FA431D /* SWGalleryViewController.swift */ = {isa = PBXFileReference; lastKnownFileType = sourcecode.swift; path = SWGalleryViewController.swift; sourceTree = "<group>"; };
		903CC74C243FBBB700FA431D /* SWCreateWarViewController.swift */ = {isa = PBXFileReference; lastKnownFileType = sourcecode.swift; path = SWCreateWarViewController.swift; sourceTree = "<group>"; };
		903CC750243FC62900FA431D /* SWNavButton.swift */ = {isa = PBXFileReference; lastKnownFileType = sourcecode.swift; path = SWNavButton.swift; sourceTree = "<group>"; };
		9044C84D243D0D640054152B /* SWAuthViewController.swift */ = {isa = PBXFileReference; lastKnownFileType = sourcecode.swift; path = SWAuthViewController.swift; sourceTree = "<group>"; };
		908F3952244B7CA800D619B2 /* SWFullScreenImageViewController.swift */ = {isa = PBXFileReference; lastKnownFileType = sourcecode.swift; path = SWFullScreenImageViewController.swift; sourceTree = "<group>"; };
		9098FED6244C90F000C2C254 /* SWTextIField.swift */ = {isa = PBXFileReference; lastKnownFileType = sourcecode.swift; path = SWTextIField.swift; sourceTree = "<group>"; };
		90ADFA41244B365A00636DF2 /* UIWindow.swift */ = {isa = PBXFileReference; lastKnownFileType = sourcecode.swift; path = UIWindow.swift; sourceTree = "<group>"; };
		90B977DF2443A24600ADBF17 /* SWBattleViewController.swift */ = {isa = PBXFileReference; lastKnownFileType = sourcecode.swift; path = SWBattleViewController.swift; sourceTree = "<group>"; };
		90BEDE6F243BAAC7003BC12D /* SnapWar.app */ = {isa = PBXFileReference; explicitFileType = wrapper.application; includeInIndex = 0; path = SnapWar.app; sourceTree = BUILT_PRODUCTS_DIR; };
		90BEDE72243BAAC7003BC12D /* AppDelegate.swift */ = {isa = PBXFileReference; lastKnownFileType = sourcecode.swift; path = AppDelegate.swift; sourceTree = "<group>"; };
		90BEDE74243BAAC7003BC12D /* SWMainViewController.swift */ = {isa = PBXFileReference; lastKnownFileType = sourcecode.swift; path = SWMainViewController.swift; sourceTree = "<group>"; };
		90BEDE77243BAAC7003BC12D /* Base */ = {isa = PBXFileReference; lastKnownFileType = file.storyboard; name = Base; path = Base.lproj/Main.storyboard; sourceTree = "<group>"; };
		90BEDE79243BAAC9003BC12D /* Assets.xcassets */ = {isa = PBXFileReference; lastKnownFileType = folder.assetcatalog; path = Assets.xcassets; sourceTree = "<group>"; };
		90BEDE7C243BAAC9003BC12D /* Base */ = {isa = PBXFileReference; lastKnownFileType = file.storyboard; name = Base; path = Base.lproj/LaunchScreen.storyboard; sourceTree = "<group>"; };
		90BEDE7E243BAAC9003BC12D /* Info.plist */ = {isa = PBXFileReference; lastKnownFileType = text.plist.xml; path = Info.plist; sourceTree = "<group>"; };
		90BEDE99243BCFEF003BC12D /* SWColorType.swift */ = {isa = PBXFileReference; lastKnownFileType = sourcecode.swift; path = SWColorType.swift; sourceTree = "<group>"; };
		90BEDE9B243BD400003BC12D /* SWFontType.swift */ = {isa = PBXFileReference; lastKnownFileType = sourcecode.swift; path = SWFontType.swift; sourceTree = "<group>"; };
		90EF0A882442467E006433E5 /* SWMainNavViewController.swift */ = {isa = PBXFileReference; lastKnownFileType = sourcecode.swift; path = SWMainNavViewController.swift; sourceTree = "<group>"; };
		90EF3BA624465DD200F37F9A /* SWImagePreview.swift */ = {isa = PBXFileReference; lastKnownFileType = sourcecode.swift; path = SWImagePreview.swift; sourceTree = "<group>"; };
/* End PBXFileReference section */

/* Begin PBXFrameworksBuildPhase section */
		5DC7CA6C2446F4CF00A4431E /* Frameworks */ = {
			isa = PBXFrameworksBuildPhase;
			buildActionMask = 2147483647;
			files = (
			);
			runOnlyForDeploymentPostprocessing = 0;
		};
		90BEDE6C243BAAC7003BC12D /* Frameworks */ = {
			isa = PBXFrameworksBuildPhase;
			buildActionMask = 2147483647;
			files = (
			);
			runOnlyForDeploymentPostprocessing = 0;
		};
/* End PBXFrameworksBuildPhase section */

/* Begin PBXGroup section */
		5DC7CA702446F4CF00A4431E /* SnapWarShareExtension */ = {
			isa = PBXGroup;
			children = (
				5DC7CA762446F4CF00A4431E /* Info.plist */,
				5DC7CA7E2446F58D00A4431E /* SnapWarShareExtension.entitlements */,
				5DC7CA712446F4CF00A4431E /* SWShareContainerViewController.swift */,
				5DA15B91244C2734005C7448 /* SWShareNavViewController.swift */,
				5DA15B95244C34A1005C7448 /* SWSharePageViewEntryViewController.swift */,
				5DA15B93244C3487005C7448 /* SWSharePageViewController.swift */,
				5DA15B97244D7643005C7448 /* SWSharePageViewManager.swift */,
				5DA15B99244D768C005C7448 /* SWSharePageViewEntry.swift */,
			);
			path = SnapWarShareExtension;
			sourceTree = "<group>";
		};
		90ADFA43244B36CF00636DF2 /* Extensions */ = {
			isa = PBXGroup;
			children = (
				90ADFA41244B365A00636DF2 /* UIWindow.swift */,
			);
			path = Extensions;
			sourceTree = "<group>";
		};
		90BEDE66243BAAC7003BC12D = {
			isa = PBXGroup;
			children = (
				90BEDE70243BAAC7003BC12D /* Products */,
				90BEDE71243BAAC7003BC12D /* SnapWar */,
				5DC7CA702446F4CF00A4431E /* SnapWarShareExtension */,
			);
			sourceTree = "<group>";
		};
		90BEDE70243BAAC7003BC12D /* Products */ = {
			isa = PBXGroup;
			children = (
				90BEDE6F243BAAC7003BC12D /* SnapWar.app */,
				5DC7CA6F2446F4CF00A4431E /* SnapWarShareExtension.appex */,
			);
			name = Products;
			sourceTree = "<group>";
		};
		90BEDE71243BAAC7003BC12D /* SnapWar */ = {
			isa = PBXGroup;
			children = (
				90ADFA43244B36CF00636DF2 /* Extensions */,
				5DC7CA7F2446F59E00A4431E /* SnapWar.entitlements */,
				90BEDE72243BAAC7003BC12D /* AppDelegate.swift */,
				90BEDE79243BAAC9003BC12D /* Assets.xcassets */,
				90BEDE87243BB1BE003BC12D /* Components */,
				90BEDE7E243BAAC9003BC12D /* Info.plist */,
				90BEDE7B243BAAC9003BC12D /* LaunchScreen.storyboard */,
				90BEDE76243BAAC7003BC12D /* Main.storyboard */,
				90BEDE98243BCFA1003BC12D /* Types */,
				90BEDE85243BB199003BC12D /* ViewControllers */,
			);
			path = SnapWar;
			sourceTree = "<group>";
		};
		90BEDE85243BB199003BC12D /* ViewControllers */ = {
			isa = PBXGroup;
			children = (
				9044C84D243D0D640054152B /* SWAuthViewController.swift */,
				903CC74C243FBBB700FA431D /* SWCreateWarViewController.swift */,
				90EF0A882442467E006433E5 /* SWMainNavViewController.swift */,
				903CC74A243FBA0C00FA431D /* SWGalleryViewController.swift */,
				90BEDE74243BAAC7003BC12D /* SWMainViewController.swift */,
				90B977DF2443A24600ADBF17 /* SWBattleViewController.swift */,
				908F3952244B7CA800D619B2 /* SWFullScreenImageViewController.swift */,
			);
			path = ViewControllers;
			sourceTree = "<group>";
		};
		90BEDE87243BB1BE003BC12D /* Components */ = {
			isa = PBXGroup;
			children = (
				90BEDE92243BCD69003BC12D /* Common */,
				90EF3BA624465DD200F37F9A /* SWImagePreview.swift */,
				902FFF20244E509B0007DE4D /* SWPasswordTextField.swift */,
			);
			path = Components;
			sourceTree = "<group>";
		};
		90BEDE92243BCD69003BC12D /* Common */ = {
			isa = PBXGroup;
			children = (
				903CC750243FC62900FA431D /* SWNavButton.swift */,
				9098FED6244C90F000C2C254 /* SWTextIField.swift */,
			);
			path = Common;
			sourceTree = "<group>";
		};
		90BEDE98243BCFA1003BC12D /* Types */ = {
			isa = PBXGroup;
			children = (
				90BEDE99243BCFEF003BC12D /* SWColorType.swift */,
				90BEDE9B243BD400003BC12D /* SWFontType.swift */,
				5DC7CA6924419E6100A4431E /* SWRouteType.swift */,
			);
			path = Types;
			sourceTree = "<group>";
		};
/* End PBXGroup section */

/* Begin PBXNativeTarget section */
		5DC7CA6E2446F4CF00A4431E /* SnapWarShareExtension */ = {
			isa = PBXNativeTarget;
			buildConfigurationList = 5DC7CA7D2446F4CF00A4431E /* Build configuration list for PBXNativeTarget "SnapWarShareExtension" */;
			buildPhases = (
				5DC7CA6B2446F4CF00A4431E /* Sources */,
				5DC7CA6C2446F4CF00A4431E /* Frameworks */,
				5DC7CA6D2446F4CF00A4431E /* Resources */,
			);
			buildRules = (
			);
			dependencies = (
			);
			name = SnapWarShareExtension;
			productName = SnapWarShareExtension;
			productReference = 5DC7CA6F2446F4CF00A4431E /* SnapWarShareExtension.appex */;
			productType = "com.apple.product-type.app-extension";
		};
		90BEDE6E243BAAC7003BC12D /* SnapWar */ = {
			isa = PBXNativeTarget;
			buildConfigurationList = 90BEDE81243BAAC9003BC12D /* Build configuration list for PBXNativeTarget "SnapWar" */;
			buildPhases = (
				90BEDE6B243BAAC7003BC12D /* Sources */,
				90BEDE6C243BAAC7003BC12D /* Frameworks */,
				90BEDE6D243BAAC7003BC12D /* Resources */,
				5DC7CA7A2446F4CF00A4431E /* Embed App Extensions */,
			);
			buildRules = (
			);
			dependencies = (
				5DC7CA782446F4CF00A4431E /* PBXTargetDependency */,
			);
			name = SnapWar;
			productName = SnapWar;
			productReference = 90BEDE6F243BAAC7003BC12D /* SnapWar.app */;
			productType = "com.apple.product-type.application";
		};
/* End PBXNativeTarget section */

/* Begin PBXProject section */
		90BEDE67243BAAC7003BC12D /* Project object */ = {
			isa = PBXProject;
			attributes = {
				LastSwiftUpdateCheck = 1130;
				LastUpgradeCheck = 1020;
				ORGANIZATIONNAME = stickerwar;
				TargetAttributes = {
					5DC7CA6E2446F4CF00A4431E = {
						CreatedOnToolsVersion = 11.3.1;
					};
					90BEDE6E243BAAC7003BC12D = {
						CreatedOnToolsVersion = 10.2.1;
					};
				};
			};
			buildConfigurationList = 90BEDE6A243BAAC7003BC12D /* Build configuration list for PBXProject "SnapWar" */;
			compatibilityVersion = "Xcode 9.3";
			developmentRegion = en;
			hasScannedForEncodings = 0;
			knownRegions = (
				en,
				Base,
			);
			mainGroup = 90BEDE66243BAAC7003BC12D;
			productRefGroup = 90BEDE70243BAAC7003BC12D /* Products */;
			projectDirPath = "";
			projectRoot = "";
			targets = (
				90BEDE6E243BAAC7003BC12D /* SnapWar */,
				5DC7CA6E2446F4CF00A4431E /* SnapWarShareExtension */,
			);
		};
/* End PBXProject section */

/* Begin PBXResourcesBuildPhase section */
		5DC7CA6D2446F4CF00A4431E /* Resources */ = {
			isa = PBXResourcesBuildPhase;
			buildActionMask = 2147483647;
			files = (
			);
			runOnlyForDeploymentPostprocessing = 0;
		};
		90BEDE6D243BAAC7003BC12D /* Resources */ = {
			isa = PBXResourcesBuildPhase;
			buildActionMask = 2147483647;
			files = (
				90BEDE7D243BAAC9003BC12D /* LaunchScreen.storyboard in Resources */,
				90BEDE7A243BAAC9003BC12D /* Assets.xcassets in Resources */,
				90BEDE78243BAAC7003BC12D /* Main.storyboard in Resources */,
			);
			runOnlyForDeploymentPostprocessing = 0;
		};
/* End PBXResourcesBuildPhase section */

/* Begin PBXSourcesBuildPhase section */
		5DC7CA6B2446F4CF00A4431E /* Sources */ = {
			isa = PBXSourcesBuildPhase;
			buildActionMask = 2147483647;
			files = (
				5DA15B98244D7643005C7448 /* SWSharePageViewManager.swift in Sources */,
				5DA15B94244C3487005C7448 /* SWSharePageViewController.swift in Sources */,
				5DA15B9A244D768C005C7448 /* SWSharePageViewEntry.swift in Sources */,
				5DA15B92244C2734005C7448 /* SWShareNavViewController.swift in Sources */,
				5DA15B96244C34A1005C7448 /* SWSharePageViewEntryViewController.swift in Sources */,
				5DC7CA722446F4CF00A4431E /* SWShareContainerViewController.swift in Sources */,
			);
			runOnlyForDeploymentPostprocessing = 0;
		};
		90BEDE6B243BAAC7003BC12D /* Sources */ = {
			isa = PBXSourcesBuildPhase;
			buildActionMask = 2147483647;
			files = (
				90BEDE9C243BD400003BC12D /* SWFontType.swift in Sources */,
				90EF3BA724465DD200F37F9A /* SWImagePreview.swift in Sources */,
				908F3953244B7CA800D619B2 /* SWFullScreenImageViewController.swift in Sources */,
				9098FED9244C95FE00C2C254 /* SWMainNavViewController.swift in Sources */,
				5DC7CA6A24419E6100A4431E /* SWRouteType.swift in Sources */,
				903CC74D243FBBB700FA431D /* SWCreateWarViewController.swift in Sources */,
				90BEDE75243BAAC7003BC12D /* SWMainViewController.swift in Sources */,
				9098FED7244C90F000C2C254 /* SWTextIField.swift in Sources */,
				90ADFA42244B365A00636DF2 /* UIWindow.swift in Sources */,
				90BEDE9A243BCFEF003BC12D /* SWColorType.swift in Sources */,
				902FFF21244E509B0007DE4D /* SWPasswordTextField.swift in Sources */,
				90B977E02443A24600ADBF17 /* SWBattleViewController.swift in Sources */,
				903CC74B243FBA0C00FA431D /* SWGalleryViewController.swift in Sources */,
				9044C84E243D0D640054152B /* SWAuthViewController.swift in Sources */,
				903CC751243FC62900FA431D /* SWNavButton.swift in Sources */,
				90BEDE73243BAAC7003BC12D /* AppDelegate.swift in Sources */,
			);
			runOnlyForDeploymentPostprocessing = 0;
		};
/* End PBXSourcesBuildPhase section */

/* Begin PBXTargetDependency section */
		5DC7CA782446F4CF00A4431E /* PBXTargetDependency */ = {
			isa = PBXTargetDependency;
			target = 5DC7CA6E2446F4CF00A4431E /* SnapWarShareExtension */;
			targetProxy = 5DC7CA772446F4CF00A4431E /* PBXContainerItemProxy */;
		};
/* End PBXTargetDependency section */

/* Begin PBXVariantGroup section */
		90BEDE76243BAAC7003BC12D /* Main.storyboard */ = {
			isa = PBXVariantGroup;
			children = (
				90BEDE77243BAAC7003BC12D /* Base */,
			);
			name = Main.storyboard;
			sourceTree = "<group>";
		};
		90BEDE7B243BAAC9003BC12D /* LaunchScreen.storyboard */ = {
			isa = PBXVariantGroup;
			children = (
				90BEDE7C243BAAC9003BC12D /* Base */,
			);
			name = LaunchScreen.storyboard;
			sourceTree = "<group>";
		};
/* End PBXVariantGroup section */

/* Begin XCBuildConfiguration section */
		5DC7CA7B2446F4CF00A4431E /* Debug */ = {
			isa = XCBuildConfiguration;
			buildSettings = {
				CODE_SIGN_ENTITLEMENTS = SnapWarShareExtension/SnapWarShareExtension.entitlements;
				CODE_SIGN_STYLE = Automatic;
				DEVELOPMENT_TEAM = R6552SUGAZ;
				INFOPLIST_FILE = SnapWarShareExtension/Info.plist;
				IPHONEOS_DEPLOYMENT_TARGET = 13.2;
				LD_RUNPATH_SEARCH_PATHS = (
					"$(inherited)",
					"@executable_path/Frameworks",
					"@executable_path/../../Frameworks",
				);
				PRODUCT_BUNDLE_IDENTIFIER = com.snapwar.SnapWar.app.shareExtension;
				PRODUCT_NAME = "$(TARGET_NAME)";
				SKIP_INSTALL = YES;
				SWIFT_VERSION = 5.0;
				TARGETED_DEVICE_FAMILY = "1,2";
			};
			name = Debug;
		};
		5DC7CA7C2446F4CF00A4431E /* Release */ = {
			isa = XCBuildConfiguration;
			buildSettings = {
				CODE_SIGN_ENTITLEMENTS = SnapWarShareExtension/SnapWarShareExtension.entitlements;
				CODE_SIGN_STYLE = Automatic;
				DEVELOPMENT_TEAM = R6552SUGAZ;
				INFOPLIST_FILE = SnapWarShareExtension/Info.plist;
				IPHONEOS_DEPLOYMENT_TARGET = 13.2;
				LD_RUNPATH_SEARCH_PATHS = (
					"$(inherited)",
					"@executable_path/Frameworks",
					"@executable_path/../../Frameworks",
				);
				PRODUCT_BUNDLE_IDENTIFIER = com.snapwar.SnapWar.app.shareExtension;
				PRODUCT_NAME = "$(TARGET_NAME)";
				SKIP_INSTALL = YES;
				SWIFT_VERSION = 5.0;
				TARGETED_DEVICE_FAMILY = "1,2";
			};
			name = Release;
		};
		90BEDE7F243BAAC9003BC12D /* Debug */ = {
			isa = XCBuildConfiguration;
			buildSettings = {
				ALWAYS_SEARCH_USER_PATHS = NO;
				CLANG_ANALYZER_NONNULL = YES;
				CLANG_ANALYZER_NUMBER_OBJECT_CONVERSION = YES_AGGRESSIVE;
				CLANG_CXX_LANGUAGE_STANDARD = "gnu++14";
				CLANG_CXX_LIBRARY = "libc++";
				CLANG_ENABLE_MODULES = YES;
				CLANG_ENABLE_OBJC_ARC = YES;
				CLANG_ENABLE_OBJC_WEAK = YES;
				CLANG_WARN_BLOCK_CAPTURE_AUTORELEASING = YES;
				CLANG_WARN_BOOL_CONVERSION = YES;
				CLANG_WARN_COMMA = YES;
				CLANG_WARN_CONSTANT_CONVERSION = YES;
				CLANG_WARN_DEPRECATED_OBJC_IMPLEMENTATIONS = YES;
				CLANG_WARN_DIRECT_OBJC_ISA_USAGE = YES_ERROR;
				CLANG_WARN_DOCUMENTATION_COMMENTS = YES;
				CLANG_WARN_EMPTY_BODY = YES;
				CLANG_WARN_ENUM_CONVERSION = YES;
				CLANG_WARN_INFINITE_RECURSION = YES;
				CLANG_WARN_INT_CONVERSION = YES;
				CLANG_WARN_NON_LITERAL_NULL_CONVERSION = YES;
				CLANG_WARN_OBJC_IMPLICIT_RETAIN_SELF = YES;
				CLANG_WARN_OBJC_LITERAL_CONVERSION = YES;
				CLANG_WARN_OBJC_ROOT_CLASS = YES_ERROR;
				CLANG_WARN_RANGE_LOOP_ANALYSIS = YES;
				CLANG_WARN_STRICT_PROTOTYPES = YES;
				CLANG_WARN_SUSPICIOUS_MOVE = YES;
				CLANG_WARN_UNGUARDED_AVAILABILITY = YES_AGGRESSIVE;
				CLANG_WARN_UNREACHABLE_CODE = YES;
				CLANG_WARN__DUPLICATE_METHOD_MATCH = YES;
				CODE_SIGN_IDENTITY = "iPhone Developer";
				COPY_PHASE_STRIP = NO;
				DEBUG_INFORMATION_FORMAT = dwarf;
				ENABLE_STRICT_OBJC_MSGSEND = YES;
				ENABLE_TESTABILITY = YES;
				GCC_C_LANGUAGE_STANDARD = gnu11;
				GCC_DYNAMIC_NO_PIC = NO;
				GCC_NO_COMMON_BLOCKS = YES;
				GCC_OPTIMIZATION_LEVEL = 0;
				GCC_PREPROCESSOR_DEFINITIONS = (
					"DEBUG=1",
					"$(inherited)",
				);
				GCC_WARN_64_TO_32_BIT_CONVERSION = YES;
				GCC_WARN_ABOUT_RETURN_TYPE = YES_ERROR;
				GCC_WARN_UNDECLARED_SELECTOR = YES;
				GCC_WARN_UNINITIALIZED_AUTOS = YES_AGGRESSIVE;
				GCC_WARN_UNUSED_FUNCTION = YES;
				GCC_WARN_UNUSED_VARIABLE = YES;
				IPHONEOS_DEPLOYMENT_TARGET = 12.2;
				MTL_ENABLE_DEBUG_INFO = INCLUDE_SOURCE;
				MTL_FAST_MATH = YES;
				ONLY_ACTIVE_ARCH = YES;
				SDKROOT = iphoneos;
				SWIFT_ACTIVE_COMPILATION_CONDITIONS = DEBUG;
				SWIFT_OPTIMIZATION_LEVEL = "-Onone";
			};
			name = Debug;
		};
		90BEDE80243BAAC9003BC12D /* Release */ = {
			isa = XCBuildConfiguration;
			buildSettings = {
				ALWAYS_SEARCH_USER_PATHS = NO;
				CLANG_ANALYZER_NONNULL = YES;
				CLANG_ANALYZER_NUMBER_OBJECT_CONVERSION = YES_AGGRESSIVE;
				CLANG_CXX_LANGUAGE_STANDARD = "gnu++14";
				CLANG_CXX_LIBRARY = "libc++";
				CLANG_ENABLE_MODULES = YES;
				CLANG_ENABLE_OBJC_ARC = YES;
				CLANG_ENABLE_OBJC_WEAK = YES;
				CLANG_WARN_BLOCK_CAPTURE_AUTORELEASING = YES;
				CLANG_WARN_BOOL_CONVERSION = YES;
				CLANG_WARN_COMMA = YES;
				CLANG_WARN_CONSTANT_CONVERSION = YES;
				CLANG_WARN_DEPRECATED_OBJC_IMPLEMENTATIONS = YES;
				CLANG_WARN_DIRECT_OBJC_ISA_USAGE = YES_ERROR;
				CLANG_WARN_DOCUMENTATION_COMMENTS = YES;
				CLANG_WARN_EMPTY_BODY = YES;
				CLANG_WARN_ENUM_CONVERSION = YES;
				CLANG_WARN_INFINITE_RECURSION = YES;
				CLANG_WARN_INT_CONVERSION = YES;
				CLANG_WARN_NON_LITERAL_NULL_CONVERSION = YES;
				CLANG_WARN_OBJC_IMPLICIT_RETAIN_SELF = YES;
				CLANG_WARN_OBJC_LITERAL_CONVERSION = YES;
				CLANG_WARN_OBJC_ROOT_CLASS = YES_ERROR;
				CLANG_WARN_RANGE_LOOP_ANALYSIS = YES;
				CLANG_WARN_STRICT_PROTOTYPES = YES;
				CLANG_WARN_SUSPICIOUS_MOVE = YES;
				CLANG_WARN_UNGUARDED_AVAILABILITY = YES_AGGRESSIVE;
				CLANG_WARN_UNREACHABLE_CODE = YES;
				CLANG_WARN__DUPLICATE_METHOD_MATCH = YES;
				CODE_SIGN_IDENTITY = "iPhone Developer";
				COPY_PHASE_STRIP = NO;
				DEBUG_INFORMATION_FORMAT = "dwarf-with-dsym";
				ENABLE_NS_ASSERTIONS = NO;
				ENABLE_STRICT_OBJC_MSGSEND = YES;
				GCC_C_LANGUAGE_STANDARD = gnu11;
				GCC_NO_COMMON_BLOCKS = YES;
				GCC_WARN_64_TO_32_BIT_CONVERSION = YES;
				GCC_WARN_ABOUT_RETURN_TYPE = YES_ERROR;
				GCC_WARN_UNDECLARED_SELECTOR = YES;
				GCC_WARN_UNINITIALIZED_AUTOS = YES_AGGRESSIVE;
				GCC_WARN_UNUSED_FUNCTION = YES;
				GCC_WARN_UNUSED_VARIABLE = YES;
				IPHONEOS_DEPLOYMENT_TARGET = 12.2;
				MTL_ENABLE_DEBUG_INFO = NO;
				MTL_FAST_MATH = YES;
				SDKROOT = iphoneos;
				SWIFT_COMPILATION_MODE = wholemodule;
				SWIFT_OPTIMIZATION_LEVEL = "-O";
				VALIDATE_PRODUCT = YES;
			};
			name = Release;
		};
		90BEDE82243BAAC9003BC12D /* Debug */ = {
			isa = XCBuildConfiguration;
			buildSettings = {
				ALWAYS_EMBED_SWIFT_STANDARD_LIBRARIES = YES;
				ASSETCATALOG_COMPILER_APPICON_NAME = AppIcon;
				CODE_SIGN_ENTITLEMENTS = SnapWar/SnapWar.entitlements;
				CODE_SIGN_STYLE = Automatic;
				DEVELOPMENT_TEAM = R6552SUGAZ;
				INFOPLIST_FILE = SnapWar/Info.plist;
				LD_RUNPATH_SEARCH_PATHS = (
					"$(inherited)",
					"@executable_path/Frameworks",
				);
				PRODUCT_BUNDLE_IDENTIFIER = com.snapwar.SnapWar.app;
				PRODUCT_NAME = "$(TARGET_NAME)";
				SWIFT_VERSION = 5.0;
				TARGETED_DEVICE_FAMILY = "1,2";
			};
			name = Debug;
		};
		90BEDE83243BAAC9003BC12D /* Release */ = {
			isa = XCBuildConfiguration;
			buildSettings = {
				ALWAYS_EMBED_SWIFT_STANDARD_LIBRARIES = YES;
				ASSETCATALOG_COMPILER_APPICON_NAME = AppIcon;
				CODE_SIGN_ENTITLEMENTS = SnapWar/SnapWar.entitlements;
				CODE_SIGN_STYLE = Automatic;
				DEVELOPMENT_TEAM = R6552SUGAZ;
				INFOPLIST_FILE = SnapWar/Info.plist;
				LD_RUNPATH_SEARCH_PATHS = (
					"$(inherited)",
					"@executable_path/Frameworks",
				);
				PRODUCT_BUNDLE_IDENTIFIER = com.snapwar.SnapWar.app;
				PRODUCT_NAME = "$(TARGET_NAME)";
				SWIFT_VERSION = 5.0;
				TARGETED_DEVICE_FAMILY = "1,2";
			};
			name = Release;
		};
/* End XCBuildConfiguration section */

/* Begin XCConfigurationList section */
		5DC7CA7D2446F4CF00A4431E /* Build configuration list for PBXNativeTarget "SnapWarShareExtension" */ = {
			isa = XCConfigurationList;
			buildConfigurations = (
				5DC7CA7B2446F4CF00A4431E /* Debug */,
				5DC7CA7C2446F4CF00A4431E /* Release */,
			);
			defaultConfigurationIsVisible = 0;
			defaultConfigurationName = Release;
		};
		90BEDE6A243BAAC7003BC12D /* Build configuration list for PBXProject "SnapWar" */ = {
			isa = XCConfigurationList;
			buildConfigurations = (
				90BEDE7F243BAAC9003BC12D /* Debug */,
				90BEDE80243BAAC9003BC12D /* Release */,
			);
			defaultConfigurationIsVisible = 0;
			defaultConfigurationName = Release;
		};
		90BEDE81243BAAC9003BC12D /* Build configuration list for PBXNativeTarget "SnapWar" */ = {
			isa = XCConfigurationList;
			buildConfigurations = (
				90BEDE82243BAAC9003BC12D /* Debug */,
				90BEDE83243BAAC9003BC12D /* Release */,
			);
			defaultConfigurationIsVisible = 0;
			defaultConfigurationName = Release;
		};
/* End XCConfigurationList section */
	};
	rootObject = 90BEDE67243BAAC7003BC12D /* Project object */;
}
